// !$*UTF8*$!
{
	archiveVersion = 1;
	classes = {
	};
	objectVersion = 46;
	objects = {

/* Begin PBXBuildFile section */
		2278539A1CAFE5980069C11C /* AppDelegate.swift in Sources */ = {isa = PBXBuildFile; fileRef = 227853991CAFE5980069C11C /* AppDelegate.swift */; };
		2278539C1CAFE5980069C11C /* ViewController.swift in Sources */ = {isa = PBXBuildFile; fileRef = 2278539B1CAFE5980069C11C /* ViewController.swift */; };
		227853A11CAFE5980069C11C /* Assets.xcassets in Resources */ = {isa = PBXBuildFile; fileRef = 227853A01CAFE5980069C11C /* Assets.xcassets */; };
		227853AC1CB000870069C11C /* SocketIOClientSwift.framework in Frameworks */ = {isa = PBXBuildFile; fileRef = 227853AB1CB000870069C11C /* SocketIOClientSwift.framework */; };
/* End PBXBuildFile section */

/* Begin PBXFileReference section */
		227853961CAFE5980069C11C /* ChatSample.app */ = {isa = PBXFileReference; explicitFileType = wrapper.application; includeInIndex = 0; path = ChatSample.app; sourceTree = BUILT_PRODUCTS_DIR; };
		227853991CAFE5980069C11C /* AppDelegate.swift */ = {isa = PBXFileReference; lastKnownFileType = sourcecode.swift; path = AppDelegate.swift; sourceTree = "<group>"; };
		2278539B1CAFE5980069C11C /* ViewController.swift */ = {isa = PBXFileReference; lastKnownFileType = sourcecode.swift; path = ViewController.swift; sourceTree = "<group>"; };
		227853A01CAFE5980069C11C /* Assets.xcassets */ = {isa = PBXFileReference; lastKnownFileType = folder.assetcatalog; path = Assets.xcassets; sourceTree = "<group>"; };
		227853A51CAFE5980069C11C /* Info.plist */ = {isa = PBXFileReference; lastKnownFileType = text.plist.xml; path = Info.plist; sourceTree = "<group>"; };
		227853AB1CB000870069C11C /* SocketIOClientSwift.framework */ = {isa = PBXFileReference; lastKnownFileType = wrapper.framework; name = SocketIOClientSwift.framework; path = Carthage/Build/iOS/SocketIOClientSwift.framework; sourceTree = "<group>"; };
/* End PBXFileReference section */

/* Begin PBXFrameworksBuildPhase section */
		227853931CAFE5980069C11C /* Frameworks */ = {
			isa = PBXFrameworksBuildPhase;
			buildActionMask = 2147483647;
			files = (
				227853AC1CB000870069C11C /* SocketIOClientSwift.framework in Frameworks */,
			);
			runOnlyForDeploymentPostprocessing = 0;
		};
/* End PBXFrameworksBuildPhase section */

/* Begin PBXGroup section */
		2278538D1CAFE5980069C11C = {
			isa = PBXGroup;
			children = (
				227853AB1CB000870069C11C /* SocketIOClientSwift.framework */,
				227853981CAFE5980069C11C /* ChatSample */,
				227853971CAFE5980069C11C /* Products */,
			);
			sourceTree = "<group>";
		};
		227853971CAFE5980069C11C /* Products */ = {
			isa = PBXGroup;
			children = (
				227853961CAFE5980069C11C /* ChatSample.app */,
			);
			name = Products;
			sourceTree = "<group>";
		};
		227853981CAFE5980069C11C /* ChatSample */ = {
			isa = PBXGroup;
			children = (
				227853991CAFE5980069C11C /* AppDelegate.swift */,
				2278539B1CAFE5980069C11C /* ViewController.swift */,
				227853A01CAFE5980069C11C /* Assets.xcassets */,
				227853A51CAFE5980069C11C /* Info.plist */,
			);
			path = ChatSample;
			sourceTree = "<group>";
		};
/* End PBXGroup section */

/* Begin PBXNativeTarget section */
		227853951CAFE5980069C11C /* ChatSample */ = {
			isa = PBXNativeTarget;
			buildConfigurationList = 227853A81CAFE5980069C11C /* Build configuration list for PBXNativeTarget "ChatSample" */;
			buildPhases = (
				227853921CAFE5980069C11C /* Sources */,
				227853931CAFE5980069C11C /* Frameworks */,
				227853941CAFE5980069C11C /* Resources */,
				227853AD1CB000940069C11C /* ShellScript */,
			);
			buildRules = (
			);
			dependencies = (
			);
			name = ChatSample;
			productName = ChatSample;
			productReference = 227853961CAFE5980069C11C /* ChatSample.app */;
			productType = "com.apple.product-type.application";
		};
/* End PBXNativeTarget section */

/* Begin PBXProject section */
		2278538E1CAFE5980069C11C /* Project object */ = {
			isa = PBXProject;
			attributes = {
				LastSwiftUpdateCheck = 0730;
				LastUpgradeCheck = 0730;
				ORGANIZATIONNAME = "狩野 恭平";
				TargetAttributes = {
					227853951CAFE5980069C11C = {
						CreatedOnToolsVersion = 7.3;
					};
				};
			};
			buildConfigurationList = 227853911CAFE5980069C11C /* Build configuration list for PBXProject "ChatSample" */;
			compatibilityVersion = "Xcode 3.2";
			developmentRegion = English;
			hasScannedForEncodings = 0;
			knownRegions = (
				en,
				Base,
			);
			mainGroup = 2278538D1CAFE5980069C11C;
			productRefGroup = 227853971CAFE5980069C11C /* Products */;
			projectDirPath = "";
			projectRoot = "";
			targets = (
				227853951CAFE5980069C11C /* ChatSample */,
			);
		};
/* End PBXProject section */

/* Begin PBXResourcesBuildPhase section */
		227853941CAFE5980069C11C /* Resources */ = {
			isa = PBXResourcesBuildPhase;
			buildActionMask = 2147483647;
			files = (
				227853A11CAFE5980069C11C /* Assets.xcassets in Resources */,
			);
			runOnlyForDeploymentPostprocessing = 0;
		};
/* End PBXResourcesBuildPhase section */

/* Begin PBXShellScriptBuildPhase section */
		227853AD1CB000940069C11C /* ShellScript */ = {
			isa = PBXShellScriptBuildPhase;
			buildActionMask = 2147483647;
			files = (
			);
			inputPaths = (
				"$(SRCROOT)/Carthage/Build/iOS/SocketIOClientSwift.framework",
			);
			outputPaths = (
			);
			runOnlyForDeploymentPostprocessing = 0;
			shellPath = /bin/sh;
			shellScript = "/usr/local/bin/carthage copy-frameworks";
		};
/* End PBXShellScriptBuildPhase section */

/* Begin PBXSourcesBuildPhase section */
		227853921CAFE5980069C11C /* Sources */ = {
			isa = PBXSourcesBuildPhase;
			buildActionMask = 2147483647;
			files = (
				2278539C1CAFE5980069C11C /* ViewController.swift in Sources */,
				2278539A1CAFE5980069C11C /* AppDelegate.swift in Sources */,
			);
			runOnlyForDeploymentPostprocessing = 0;
		};
/* End PBXSourcesBuildPhase section */

/* Begin XCBuildConfiguration section */
		227853A61CAFE5980069C11C /* Debug */ = {
			isa = XCBuildConfiguration;
			buildSettings = {
				ALWAYS_SEARCH_USER_PATHS = NO;
				CLANG_ANALYZER_NONNULL = YES;
				CLANG_CXX_LANGUAGE_STANDARD = "gnu++0x";
				CLANG_CXX_LIBRARY = "libc++";
				CLANG_ENABLE_MODULES = YES;
				CLANG_ENABLE_OBJC_ARC = YES;
				CLANG_WARN_BOOL_CONVERSION = YES;
				CLANG_WARN_CONSTANT_CONVERSION = YES;
				CLANG_WARN_DIRECT_OBJC_ISA_USAGE = YES_ERROR;
				CLANG_WARN_EMPTY_BODY = YES;
				CLANG_WARN_ENUM_CONVERSION = YES;
				CLANG_WARN_INT_CONVERSION = YES;
				CLANG_WARN_OBJC_ROOT_CLASS = YES_ERROR;
				CLANG_WARN_UNREACHABLE_CODE = YES;
				CLANG_WARN__DUPLICATE_METHOD_MATCH = YES;
				"CODE_SIGN_IDENTITY[sdk=iphoneos*]" = "iPhone Developer";
				COPY_PHASE_STRIP = NO;
				DEBUG_INFORMATION_FORMAT = dwarf;
				ENABLE_STRICT_OBJC_MSGSEND = YES;
				ENABLE_TESTABILITY = YES;
				GCC_C_LANGUAGE_STANDARD = gnu99;
				GCC_DYNAMIC_NO_PIC = NO;
				GCC_NO_COMMON_BLOCKS = YES;
				GCC_OPTIMIZATION_LEVEL = 0;
				GCC_PREPROCESSOR_DEFINITIONS = (
					"DEBUG=1",
					"$(inherited)",
				);
				GCC_WARN_64_TO_32_BIT_CONVERSION = YES;
				GCC_WARN_ABOUT_RETURN_TYPE = YES_ERROR;
				GCC_WARN_UNDECLARED_SELECTOR = YES;
				GCC_WARN_UNINITIALIZED_AUTOS = YES_AGGRESSIVE;
				GCC_WARN_UNUSED_FUNCTION = YES;
				GCC_WARN_UNUSED_VARIABLE = YES;
				IPHONEOS_DEPLOYMENT_TARGET = 9.3;
				MTL_ENABLE_DEBUG_INFO = YES;
				ONLY_ACTIVE_ARCH = YES;
				SDKROOT = iphoneos;
				SWIFT_OPTIMIZATION_LEVEL = "-Onone";
				TARGETED_DEVICE_FAMILY = "1,2";
			};
			name = Debug;
		};
		227853A71CAFE5980069C11C /* Release */ = {
			isa = XCBuildConfiguration;
			buildSettings = {
				ALWAYS_SEARCH_USER_PATHS = NO;
				CLANG_ANALYZER_NONNULL = YES;
				CLANG_CXX_LANGUAGE_STANDARD = "gnu++0x";
				CLANG_CXX_LIBRARY = "libc++";
				CLANG_ENABLE_MODULES = YES;
				CLANG_ENABLE_OBJC_ARC = YES;
				CLANG_WARN_BOOL_CONVERSION = YES;
				CLANG_WARN_CONSTANT_CONVERSION = YES;
				CLANG_WARN_DIRECT_OBJC_ISA_USAGE = YES_ERROR;
				CLANG_WARN_EMPTY_BODY = YES;
				CLANG_WARN_ENUM_CONVERSION = YES;
				CLANG_WARN_INT_CONVERSION = YES;
				CLANG_WARN_OBJC_ROOT_CLASS = YES_ERROR;
				CLANG_WARN_UNREACHABLE_CODE = YES;
				CLANG_WARN__DUPLICATE_METHOD_MATCH = YES;
				"CODE_SIGN_IDENTITY[sdk=iphoneos*]" = "iPhone Developer";
				COPY_PHASE_STRIP = NO;
				DEBUG_INFORMATION_FORMAT = "dwarf-with-dsym";
				ENABLE_NS_ASSERTIONS = NO;
				ENABLE_STRICT_OBJC_MSGSEND = YES;
				GCC_C_LANGUAGE_STANDARD = gnu99;
				GCC_NO_COMMON_BLOCKS = YES;
				GCC_WARN_64_TO_32_BIT_CONVERSION = YES;
				GCC_WARN_ABOUT_RETURN_TYPE = YES_ERROR;
				GCC_WARN_UNDECLARED_SELECTOR = YES;
				GCC_WARN_UNINITIALIZED_AUTOS = YES_AGGRESSIVE;
				GCC_WARN_UNUSED_FUNCTION = YES;
				GCC_WARN_UNUSED_VARIABLE = YES;
				IPHONEOS_DEPLOYMENT_TARGET = 9.3;
				MTL_ENABLE_DEBUG_INFO = NO;
				SDKROOT = iphoneos;
				TARGETED_DEVICE_FAMILY = "1,2";
				VALIDATE_PRODUCT = YES;
			};
			name = Release;
		};
		227853A91CAFE5980069C11C /* Debug */ = {
			isa = XCBuildConfiguration;
			buildSettings = {
				ASSETCATALOG_COMPILER_APPICON_NAME = AppIcon;
				FRAMEWORK_SEARCH_PATHS = (
					"$(inherited)",
					"$(PROJECT_DIR)/Carthage/Build/iOS",
				);
				INFOPLIST_FILE = ChatSample/Info.plist;
				IPHONEOS_DEPLOYMENT_TARGET = 9.3;
				LD_RUNPATH_SEARCH_PATHS = "$(inherited) @executable_path/Frameworks";
				PRODUCT_BUNDLE_IDENTIFIER = kkyouhei.ChatSample;
				PRODUCT_NAME = "$(TARGET_NAME)";
			};
			name = Debug;
		};
		227853AA1CAFE5980069C11C /* Release */ = {
			isa = XCBuildConfiguration;
			buildSettings = {
				ASSETCATALOG_COMPILER_APPICON_NAME = AppIcon;
				FRAMEWORK_SEARCH_PATHS = (
					"$(inherited)",
					"$(PROJECT_DIR)/Carthage/Build/iOS",
				);
				INFOPLIST_FILE = ChatSample/Info.plist;
				IPHONEOS_DEPLOYMENT_TARGET = 9.3;
				LD_RUNPATH_SEARCH_PATHS = "$(inherited) @executable_path/Frameworks";
				PRODUCT_BUNDLE_IDENTIFIER = kkyouhei.ChatSample;
				PRODUCT_NAME = "$(TARGET_NAME)";
			};
			name = Release;
		};
/* End XCBuildConfiguration section */

/* Begin XCConfigurationList section */
		227853911CAFE5980069C11C /* Build configuration list for PBXProject "ChatSample" */ = {
			isa = XCConfigurationList;
			buildConfigurations = (
				227853A61CAFE5980069C11C /* Debug */,
				227853A71CAFE5980069C11C /* Release */,
			);
			defaultConfigurationIsVisible = 0;
			defaultConfigurationName = Release;
		};
		227853A81CAFE5980069C11C /* Build configuration list for PBXNativeTarget "ChatSample" */ = {
			isa = XCConfigurationList;
			buildConfigurations = (
				227853A91CAFE5980069C11C /* Debug */,
				227853AA1CAFE5980069C11C /* Release */,
			);
			defaultConfigurationIsVisible = 0;
			defaultConfigurationName = Release;
		};
/* End XCConfigurationList section */
	};
	rootObject = 2278538E1CAFE5980069C11C /* Project object */;
}
